
Microsoft Visual Studio Solution File, Format Version 12.00
# Visual Studio 14
VisualStudioVersion = 14.0.25420.1
MinimumVisualStudioVersion = 10.0.40219.1
Project("{E24C65DC-7377-472B-9ABA-BC803B73C61A}") = "console2", "..\..\..\..\OneDrive\Documents\Projects\console2\", "{1362D474-2332-45C0-9975-404DA8D00ADB}"
	ProjectSection(WebsiteProperties) = preProject
		TargetFrameworkMoniker = ".NETFramework,Version%3Dv4.0"
		Debug.AspNetCompiler.VirtualPath = "/localhost_52721"
		Debug.AspNetCompiler.PhysicalPath = "..\..\..\..\OneDrive\Documents\Projects\console2\"
		Debug.AspNetCompiler.TargetPath = "PrecompiledWeb\localhost_52721\"
		Debug.AspNetCompiler.Updateable = "true"
		Debug.AspNetCompiler.ForceOverwrite = "true"
		Debug.AspNetCompiler.FixedNames = "false"
		Debug.AspNetCompiler.Debug = "True"
		Release.AspNetCompiler.VirtualPath = "/localhost_52721"
		Release.AspNetCompiler.PhysicalPath = "..\..\..\..\OneDrive\Documents\Projects\console2\"
		Release.AspNetCompiler.TargetPath = "PrecompiledWeb\localhost_52721\"
		Release.AspNetCompiler.Updateable = "true"
		Release.AspNetCompiler.ForceOverwrite = "true"
		Release.AspNetCompiler.FixedNames = "false"
		Release.AspNetCompiler.Debug = "False"
		VWDPort = "52721"
		SlnRelativePath = "..\..\..\..\OneDrive\Documents\Projects\console2\"
	EndProjectSection
EndProject
Global
	GlobalSection(SolutionConfigurationPlatforms) = preSolution
		Debug|Any CPU = Debug|Any CPU
	EndGlobalSection
	GlobalSection(ProjectConfigurationPlatforms) = postSolution
		{1362D474-2332-45C0-9975-404DA8D00ADB}.Debug|Any CPU.ActiveCfg = Debug|Any CPU
		{1362D474-2332-45C0-9975-404DA8D00ADB}.Debug|Any CPU.Build.0 = Debug|Any CPU
	EndGlobalSection
	GlobalSection(SolutionProperties) = preSolution
		HideSolutionNode = FALSE
	EndGlobalSection
EndGlobal
